{
  "originHash" : "c437a6d2bcbfd25f2e8fcaeff08dcef5c448b74782fa07d92fa828dcef2436c5",
  "pins" : [
    {
      "identity" : "fluidaudio",
      "kind" : "remoteSourceControl",
      "location" : "https://github.com/FluidInference/FluidAudio",
      "state" : {
        "branch" : "main",
        "revision" : "11805437821b7e2efc044fc9c5b9b8ce88f6f29f"
      }
    },
    {
      "identity" : "hotkey",
      "kind" : "remoteSourceControl",
      "location" : "https://github.com/soffes/HotKey",
      "state" : {
        "branch" : "main",
        "revision" : "a3cf605d7a96f6ff50e04fcb6dea6e2613cfcbe4"
      }
    }
  ],
  "version" : 3
}
